hash: 4de39553558188b5055d931922f71a4798e5f6587dd21644e0c5f3402f881e32
updated: 2018-06-12T13:11:56.882080193-07:00
imports:
- name: github.com/jinzhu/gorm
  version: 6ed508ec6a4ecb3531899a69cbc746ccf65a4166
  subpackages:
  - dialects/postgres
- name: github.com/jinzhu/inflection
  version: 04140366298a54a039076d798123ffa108fff46c
- name: github.com/julienschmidt/httprouter
  version: 8c199fb6259ffc1af525cc3ad52ee60ba8359669
- name: github.com/lib/pq
  version: 90697d60dd844d5ef6ff15135d0203f65d2f53b8
  subpackages:
  - hstore
  - oid
- name: github.com/rs/xid
  version: 02dd45c33376f85d1064355dc790dcc4850596b1
- name: github.com/suneetha1512/let-me-choose
  version: 21fe4a2c32fe3cd19ede472b76bc6074355054b9
  subpackages:
  - api
  - database
  - models
testImports: []
